// !$*UTF8*$!
{
	archiveVersion = 1;
	classes = {
	};
	objectVersion = 50;
	objects = {

/* Begin PBXBuildFile section */
		2334F4C821AC25ED00D456F3 /* AppDelegate.swift in Sources */ = {isa = PBXBuildFile; fileRef = 2334F4C721AC25ED00D456F3 /* AppDelegate.swift */; };
		2334F4CA21AC25ED00D456F3 /* ViewController.swift in Sources */ = {isa = PBXBuildFile; fileRef = 2334F4C921AC25ED00D456F3 /* ViewController.swift */; };
		2334F4CD21AC25ED00D456F3 /* Main.storyboard in Resources */ = {isa = PBXBuildFile; fileRef = 2334F4CB21AC25ED00D456F3 /* Main.storyboard */; };
		2334F4CF21AC25F100D456F3 /* Assets.xcassets in Resources */ = {isa = PBXBuildFile; fileRef = 2334F4CE21AC25F100D456F3 /* Assets.xcassets */; };
		2334F4D221AC25F100D456F3 /* LaunchScreen.storyboard in Resources */ = {isa = PBXBuildFile; fileRef = 2334F4D021AC25F100D456F3 /* LaunchScreen.storyboard */; };
		D27C47DFDE9590D62AF9DC5A /* Pods_Installingn_RxSwift.framework in Frameworks */ = {isa = PBXBuildFile; fileRef = 363BD53732705956D020593D /* Pods_Installingn_RxSwift.framework */; };
/* End PBXBuildFile section */

/* Begin PBXFileReference section */
		0F84C57CE440C87DBFFDB9E7 /* Pods-Installingn RxSwift.release.xcconfig */ = {isa = PBXFileReference; includeInIndex = 1; lastKnownFileType = text.xcconfig; name = "Pods-Installingn RxSwift.release.xcconfig"; path = "Pods/Target Support Files/Pods-Installingn RxSwift/Pods-Installingn RxSwift.release.xcconfig"; sourceTree = "<group>"; };
		2334F4C421AC25ED00D456F3 /* Installingn RxSwift.app */ = {isa = PBXFileReference; explicitFileType = wrapper.application; includeInIndex = 0; path = "Installingn RxSwift.app"; sourceTree = BUILT_PRODUCTS_DIR; };
		2334F4C721AC25ED00D456F3 /* AppDelegate.swift */ = {isa = PBXFileReference; lastKnownFileType = sourcecode.swift; path = AppDelegate.swift; sourceTree = "<group>"; };
		2334F4C921AC25ED00D456F3 /* ViewController.swift */ = {isa = PBXFileReference; lastKnownFileType = sourcecode.swift; path = ViewController.swift; sourceTree = "<group>"; };
		2334F4CC21AC25ED00D456F3 /* Base */ = {isa = PBXFileReference; lastKnownFileType = file.storyboard; name = Base; path = Base.lproj/Main.storyboard; sourceTree = "<group>"; };
		2334F4CE21AC25F100D456F3 /* Assets.xcassets */ = {isa = PBXFileReference; lastKnownFileType = folder.assetcatalog; path = Assets.xcassets; sourceTree = "<group>"; };
		2334F4D121AC25F100D456F3 /* Base */ = {isa = PBXFileReference; lastKnownFileType = file.storyboard; name = Base; path = Base.lproj/LaunchScreen.storyboard; sourceTree = "<group>"; };
		2334F4D321AC25F100D456F3 /* Info.plist */ = {isa = PBXFileReference; lastKnownFileType = text.plist.xml; path = Info.plist; sourceTree = "<group>"; };
		2334F4DB21AC2E3B00D456F3 /* RxSwiftPlayground.playground */ = {isa = PBXFileReference; lastKnownFileType = file.playground; path = RxSwiftPlayground.playground; sourceTree = "<group>"; xcLanguageSpecificationIdentifier = xcode.lang.swift; };
		363BD53732705956D020593D /* Pods_Installingn_RxSwift.framework */ = {isa = PBXFileReference; explicitFileType = wrapper.framework; includeInIndex = 0; path = Pods_Installingn_RxSwift.framework; sourceTree = BUILT_PRODUCTS_DIR; };
		CB30B4B290DF64BE9052FD7D /* Pods-Installingn RxSwift.debug.xcconfig */ = {isa = PBXFileReference; includeInIndex = 1; lastKnownFileType = text.xcconfig; name = "Pods-Installingn RxSwift.debug.xcconfig"; path = "Pods/Target Support Files/Pods-Installingn RxSwift/Pods-Installingn RxSwift.debug.xcconfig"; sourceTree = "<group>"; };
/* End PBXFileReference section */

/* Begin PBXFrameworksBuildPhase section */
		2334F4C121AC25ED00D456F3 /* Frameworks */ = {
			isa = PBXFrameworksBuildPhase;
			buildActionMask = 2147483647;
			files = (
				D27C47DFDE9590D62AF9DC5A /* Pods_Installingn_RxSwift.framework in Frameworks */,
			);
			runOnlyForDeploymentPostprocessing = 0;
		};
/* End PBXFrameworksBuildPhase section */

/* Begin PBXGroup section */
		2334F4BB21AC25ED00D456F3 = {
			isa = PBXGroup;
			children = (
				2334F4C621AC25ED00D456F3 /* Installingn RxSwift */,
				2334F4C521AC25ED00D456F3 /* Products */,
				57452BE6A4789004D9C537CA /* Pods */,
				B837F94F829FDC8682DF0FD0 /* Frameworks */,
			);
			sourceTree = "<group>";
		};
		2334F4C521AC25ED00D456F3 /* Products */ = {
			isa = PBXGroup;
			children = (
				2334F4C421AC25ED00D456F3 /* Installingn RxSwift.app */,
			);
			name = Products;
			sourceTree = "<group>";
		};
		2334F4C621AC25ED00D456F3 /* Installingn RxSwift */ = {
			isa = PBXGroup;
			children = (
				2334F4C721AC25ED00D456F3 /* AppDelegate.swift */,
				2334F4C921AC25ED00D456F3 /* ViewController.swift */,
				2334F4CB21AC25ED00D456F3 /* Main.storyboard */,
				2334F4CE21AC25F100D456F3 /* Assets.xcassets */,
				2334F4D021AC25F100D456F3 /* LaunchScreen.storyboard */,
				2334F4D321AC25F100D456F3 /* Info.plist */,
				2334F4DB21AC2E3B00D456F3 /* RxSwiftPlayground.playground */,
			);
			path = "Installingn RxSwift";
			sourceTree = "<group>";
		};
		57452BE6A4789004D9C537CA /* Pods */ = {
			isa = PBXGroup;
			children = (
				CB30B4B290DF64BE9052FD7D /* Pods-Installingn RxSwift.debug.xcconfig */,
				0F84C57CE440C87DBFFDB9E7 /* Pods-Installingn RxSwift.release.xcconfig */,
			);
			name = Pods;
			sourceTree = "<group>";
		};
		B837F94F829FDC8682DF0FD0 /* Frameworks */ = {
			isa = PBXGroup;
			children = (
				363BD53732705956D020593D /* Pods_Installingn_RxSwift.framework */,
			);
			name = Frameworks;
			sourceTree = "<group>";
		};
/* End PBXGroup section */

/* Begin PBXNativeTarget section */
		2334F4C321AC25ED00D456F3 /* Installingn RxSwift */ = {
			isa = PBXNativeTarget;
			buildConfigurationList = 2334F4D621AC25F100D456F3 /* Build configuration list for PBXNativeTarget "Installingn RxSwift" */;
			buildPhases = (
				99B9146925748A02DE6C8DA9 /* [CP] Check Pods Manifest.lock */,
				2334F4C021AC25ED00D456F3 /* Sources */,
				2334F4C121AC25ED00D456F3 /* Frameworks */,
				2334F4C221AC25ED00D456F3 /* Resources */,
				69D35E6CBEAB0675F22278FA /* [CP] Embed Pods Frameworks */,
			);
			buildRules = (
			);
			dependencies = (
			);
			name = "Installingn RxSwift";
			productName = "Installingn RxSwift";
			productReference = 2334F4C421AC25ED00D456F3 /* Installingn RxSwift.app */;
			productType = "com.apple.product-type.application";
		};
/* End PBXNativeTarget section */

/* Begin PBXProject section */
		2334F4BC21AC25ED00D456F3 /* Project object */ = {
			isa = PBXProject;
			attributes = {
				LastSwiftUpdateCheck = 1010;
				LastUpgradeCheck = 1010;
				ORGANIZATIONNAME = SIMA;
				TargetAttributes = {
					2334F4C321AC25ED00D456F3 = {
						CreatedOnToolsVersion = 10.1;
					};
				};
			};
			buildConfigurationList = 2334F4BF21AC25ED00D456F3 /* Build configuration list for PBXProject "Installingn RxSwift" */;
			compatibilityVersion = "Xcode 9.3";
			developmentRegion = en;
			hasScannedForEncodings = 0;
			knownRegions = (
				en,
				Base,
			);
			mainGroup = 2334F4BB21AC25ED00D456F3;
			productRefGroup = 2334F4C521AC25ED00D456F3 /* Products */;
			projectDirPath = "";
			projectRoot = "";
			targets = (
				2334F4C321AC25ED00D456F3 /* Installingn RxSwift */,
			);
		};
/* End PBXProject section */

/* Begin PBXResourcesBuildPhase section */
		2334F4C221AC25ED00D456F3 /* Resources */ = {
			isa = PBXResourcesBuildPhase;
			buildActionMask = 2147483647;
			files = (
				2334F4D221AC25F100D456F3 /* LaunchScreen.storyboard in Resources */,
				2334F4CF21AC25F100D456F3 /* Assets.xcassets in Resources */,
				2334F4CD21AC25ED00D456F3 /* Main.storyboard in Resources */,
			);
			runOnlyForDeploymentPostprocessing = 0;
		};
/* End PBXResourcesBuildPhase section */

/* Begin PBXShellScriptBuildPhase section */
		69D35E6CBEAB0675F22278FA /* [CP] Embed Pods Frameworks */ = {
			isa = PBXShellScriptBuildPhase;
			buildActionMask = 2147483647;
			files = (
			);
			inputPaths = (
				"${SRCROOT}/Pods/Target Support Files/Pods-Installingn RxSwift/Pods-Installingn RxSwift-frameworks.sh",
				"${BUILT_PRODUCTS_DIR}/RxAtomic/RxAtomic.framework",
				"${BUILT_PRODUCTS_DIR}/RxSwift/RxSwift.framework",
			);
			name = "[CP] Embed Pods Frameworks";
			outputPaths = (
				"${TARGET_BUILD_DIR}/${FRAMEWORKS_FOLDER_PATH}/RxAtomic.framework",
				"${TARGET_BUILD_DIR}/${FRAMEWORKS_FOLDER_PATH}/RxSwift.framework",
			);
			runOnlyForDeploymentPostprocessing = 0;
			shellPath = /bin/sh;
			shellScript = "\"${SRCROOT}/Pods/Target Support Files/Pods-Installingn RxSwift/Pods-Installingn RxSwift-frameworks.sh\"\n";
			showEnvVarsInLog = 0;
		};
		99B9146925748A02DE6C8DA9 /* [CP] Check Pods Manifest.lock */ = {
			isa = PBXShellScriptBuildPhase;
			buildActionMask = 2147483647;
			files = (
			);
			inputPaths = (
				"${PODS_PODFILE_DIR_PATH}/Podfile.lock",
				"${PODS_ROOT}/Manifest.lock",
			);
			name = "[CP] Check Pods Manifest.lock";
			outputPaths = (
				"$(DERIVED_FILE_DIR)/Pods-Installingn RxSwift-checkManifestLockResult.txt",
			);
			runOnlyForDeploymentPostprocessing = 0;
			shellPath = /bin/sh;
			shellScript = "diff \"${PODS_PODFILE_DIR_PATH}/Podfile.lock\" \"${PODS_ROOT}/Manifest.lock\" > /dev/null\nif [ $? != 0 ] ; then\n    # print error to STDERR\n    echo \"error: The sandbox is not in sync with the Podfile.lock. Run 'pod install' or update your CocoaPods installation.\" >&2\n    exit 1\nfi\n# This output is used by Xcode 'outputs' to avoid re-running this script phase.\necho \"SUCCESS\" > \"${SCRIPT_OUTPUT_FILE_0}\"\n";
			showEnvVarsInLog = 0;
		};
/* End PBXShellScriptBuildPhase section */

/* Begin PBXSourcesBuildPhase section */
		2334F4C021AC25ED00D456F3 /* Sources */ = {
			isa = PBXSourcesBuildPhase;
			buildActionMask = 2147483647;
			files = (
				2334F4CA21AC25ED00D456F3 /* ViewController.swift in Sources */,
				2334F4C821AC25ED00D456F3 /* AppDelegate.swift in Sources */,
			);
			runOnlyForDeploymentPostprocessing = 0;
		};
/* End PBXSourcesBuildPhase section */

/* Begin PBXVariantGroup section */
		2334F4CB21AC25ED00D456F3 /* Main.storyboard */ = {
			isa = PBXVariantGroup;
			children = (
				2334F4CC21AC25ED00D456F3 /* Base */,
			);
			name = Main.storyboard;
			sourceTree = "<group>";
		};
		2334F4D021AC25F100D456F3 /* LaunchScreen.storyboard */ = {
			isa = PBXVariantGroup;
			children = (
				2334F4D121AC25F100D456F3 /* Base */,
			);
			name = LaunchScreen.storyboard;
			sourceTree = "<group>";
		};
/* End PBXVariantGroup section */

/* Begin XCBuildConfiguration section */
		2334F4D421AC25F100D456F3 /* Debug */ = {
			isa = XCBuildConfiguration;
			buildSettings = {
				ALWAYS_SEARCH_USER_PATHS = NO;
				CLANG_ANALYZER_NONNULL = YES;
				CLANG_ANALYZER_NUMBER_OBJECT_CONVERSION = YES_AGGRESSIVE;
				CLANG_CXX_LANGUAGE_STANDARD = "gnu++14";
				CLANG_CXX_LIBRARY = "libc++";
				CLANG_ENABLE_MODULES = YES;
				CLANG_ENABLE_OBJC_ARC = YES;
				CLANG_ENABLE_OBJC_WEAK = YES;
				CLANG_WARN_BLOCK_CAPTURE_AUTORELEASING = YES;
				CLANG_WARN_BOOL_CONVERSION = YES;
				CLANG_WARN_COMMA = YES;
				CLANG_WARN_CONSTANT_CONVERSION = YES;
				CLANG_WARN_DEPRECATED_OBJC_IMPLEMENTATIONS = YES;
				CLANG_WARN_DIRECT_OBJC_ISA_USAGE = YES_ERROR;
				CLANG_WARN_DOCUMENTATION_COMMENTS = YES;
				CLANG_WARN_EMPTY_BODY = YES;
				CLANG_WARN_ENUM_CONVERSION = YES;
				CLANG_WARN_INFINITE_RECURSION = YES;
				CLANG_WARN_INT_CONVERSION = YES;
				CLANG_WARN_NON_LITERAL_NULL_CONVERSION = YES;
				CLANG_WARN_OBJC_IMPLICIT_RETAIN_SELF = YES;
				CLANG_WARN_OBJC_LITERAL_CONVERSION = YES;
				CLANG_WARN_OBJC_ROOT_CLASS = YES_ERROR;
				CLANG_WARN_RANGE_LOOP_ANALYSIS = YES;
				CLANG_WARN_STRICT_PROTOTYPES = YES;
				CLANG_WARN_SUSPICIOUS_MOVE = YES;
				CLANG_WARN_UNGUARDED_AVAILABILITY = YES_AGGRESSIVE;
				CLANG_WARN_UNREACHABLE_CODE = YES;
				CLANG_WARN__DUPLICATE_METHOD_MATCH = YES;
				CODE_SIGN_IDENTITY = "iPhone Developer";
				COPY_PHASE_STRIP = NO;
				DEBUG_INFORMATION_FORMAT = dwarf;
				ENABLE_STRICT_OBJC_MSGSEND = YES;
				ENABLE_TESTABILITY = YES;
				GCC_C_LANGUAGE_STANDARD = gnu11;
				GCC_DYNAMIC_NO_PIC = NO;
				GCC_NO_COMMON_BLOCKS = YES;
				GCC_OPTIMIZATION_LEVEL = 0;
				GCC_PREPROCESSOR_DEFINITIONS = (
					"DEBUG=1",
					"$(inherited)",
				);
				GCC_WARN_64_TO_32_BIT_CONVERSION = YES;
				GCC_WARN_ABOUT_RETURN_TYPE = YES_ERROR;
				GCC_WARN_UNDECLARED_SELECTOR = YES;
				GCC_WARN_UNINITIALIZED_AUTOS = YES_AGGRESSIVE;
				GCC_WARN_UNUSED_FUNCTION = YES;
				GCC_WARN_UNUSED_VARIABLE = YES;
				IPHONEOS_DEPLOYMENT_TARGET = 12.1;
				MTL_ENABLE_DEBUG_INFO = INCLUDE_SOURCE;
				MTL_FAST_MATH = YES;
				ONLY_ACTIVE_ARCH = YES;
				SDKROOT = iphoneos;
				SWIFT_ACTIVE_COMPILATION_CONDITIONS = DEBUG;
				SWIFT_OPTIMIZATION_LEVEL = "-Onone";
			};
			name = Debug;
		};
		2334F4D521AC25F100D456F3 /* Release */ = {
			isa = XCBuildConfiguration;
			buildSettings = {
				ALWAYS_SEARCH_USER_PATHS = NO;
				CLANG_ANALYZER_NONNULL = YES;
				CLANG_ANALYZER_NUMBER_OBJECT_CONVERSION = YES_AGGRESSIVE;
				CLANG_CXX_LANGUAGE_STANDARD = "gnu++14";
				CLANG_CXX_LIBRARY = "libc++";
				CLANG_ENABLE_MODULES = YES;
				CLANG_ENABLE_OBJC_ARC = YES;
				CLANG_ENABLE_OBJC_WEAK = YES;
				CLANG_WARN_BLOCK_CAPTURE_AUTORELEASING = YES;
				CLANG_WARN_BOOL_CONVERSION = YES;
				CLANG_WARN_COMMA = YES;
				CLANG_WARN_CONSTANT_CONVERSION = YES;
				CLANG_WARN_DEPRECATED_OBJC_IMPLEMENTATIONS = YES;
				CLANG_WARN_DIRECT_OBJC_ISA_USAGE = YES_ERROR;
				CLANG_WARN_DOCUMENTATION_COMMENTS = YES;
				CLANG_WARN_EMPTY_BODY = YES;
				CLANG_WARN_ENUM_CONVERSION = YES;
				CLANG_WARN_INFINITE_RECURSION = YES;
				CLANG_WARN_INT_CONVERSION = YES;
				CLANG_WARN_NON_LITERAL_NULL_CONVERSION = YES;
				CLANG_WARN_OBJC_IMPLICIT_RETAIN_SELF = YES;
				CLANG_WARN_OBJC_LITERAL_CONVERSION = YES;
				CLANG_WARN_OBJC_ROOT_CLASS = YES_ERROR;
				CLANG_WARN_RANGE_LOOP_ANALYSIS = YES;
				CLANG_WARN_STRICT_PROTOTYPES = YES;
				CLANG_WARN_SUSPICIOUS_MOVE = YES;
				CLANG_WARN_UNGUARDED_AVAILABILITY = YES_AGGRESSIVE;
				CLANG_WARN_UNREACHABLE_CODE = YES;
				CLANG_WARN__DUPLICATE_METHOD_MATCH = YES;
				CODE_SIGN_IDENTITY = "iPhone Developer";
				COPY_PHASE_STRIP = NO;
				DEBUG_INFORMATION_FORMAT = "dwarf-with-dsym";
				ENABLE_NS_ASSERTIONS = NO;
				ENABLE_STRICT_OBJC_MSGSEND = YES;
				GCC_C_LANGUAGE_STANDARD = gnu11;
				GCC_NO_COMMON_BLOCKS = YES;
				GCC_WARN_64_TO_32_BIT_CONVERSION = YES;
				GCC_WARN_ABOUT_RETURN_TYPE = YES_ERROR;
				GCC_WARN_UNDECLARED_SELECTOR = YES;
				GCC_WARN_UNINITIALIZED_AUTOS = YES_AGGRESSIVE;
				GCC_WARN_UNUSED_FUNCTION = YES;
				GCC_WARN_UNUSED_VARIABLE = YES;
				IPHONEOS_DEPLOYMENT_TARGET = 12.1;
				MTL_ENABLE_DEBUG_INFO = NO;
				MTL_FAST_MATH = YES;
				SDKROOT = iphoneos;
				SWIFT_COMPILATION_MODE = wholemodule;
				SWIFT_OPTIMIZATION_LEVEL = "-O";
				VALIDATE_PRODUCT = YES;
			};
			name = Release;
		};
		2334F4D721AC25F100D456F3 /* Debug */ = {
			isa = XCBuildConfiguration;
			baseConfigurationReference = CB30B4B290DF64BE9052FD7D /* Pods-Installingn RxSwift.debug.xcconfig */;
			buildSettings = {
				ASSETCATALOG_COMPILER_APPICON_NAME = AppIcon;
				CODE_SIGN_STYLE = Automatic;
				DEVELOPMENT_TEAM = 3UGB7ZX43H;
				INFOPLIST_FILE = "Installingn RxSwift/Info.plist";
				LD_RUNPATH_SEARCH_PATHS = (
					"$(inherited)",
					"@executable_path/Frameworks",
				);
				PRODUCT_BUNDLE_IDENTIFIER = "TJ.Installingn-RxSwift";
				PRODUCT_NAME = "$(TARGET_NAME)";
				SWIFT_VERSION = 4.2;
				TARGETED_DEVICE_FAMILY = "1,2";
			};
			name = Debug;
		};
		2334F4D821AC25F100D456F3 /* Release */ = {
			isa = XCBuildConfiguration;
			baseConfigurationReference = 0F84C57CE440C87DBFFDB9E7 /* Pods-Installingn RxSwift.release.xcconfig */;
			buildSettings = {
				ASSETCATALOG_COMPILER_APPICON_NAME = AppIcon;
				CODE_SIGN_STYLE = Automatic;
				DEVELOPMENT_TEAM = 3UGB7ZX43H;
				INFOPLIST_FILE = "Installingn RxSwift/Info.plist";
				LD_RUNPATH_SEARCH_PATHS = (
					"$(inherited)",
					"@executable_path/Frameworks",
				);
				PRODUCT_BUNDLE_IDENTIFIER = "TJ.Installingn-RxSwift";
				PRODUCT_NAME = "$(TARGET_NAME)";
				SWIFT_VERSION = 4.2;
				TARGETED_DEVICE_FAMILY = "1,2";
			};
			name = Release;
		};
/* End XCBuildConfiguration section */

/* Begin XCConfigurationList section */
		2334F4BF21AC25ED00D456F3 /* Build configuration list for PBXProject "Installingn RxSwift" */ = {
			isa = XCConfigurationList;
			buildConfigurations = (
				2334F4D421AC25F100D456F3 /* Debug */,
				2334F4D521AC25F100D456F3 /* Release */,
			);
			defaultConfigurationIsVisible = 0;
			defaultConfigurationName = Release;
		};
		2334F4D621AC25F100D456F3 /* Build configuration list for PBXNativeTarget "Installingn RxSwift" */ = {
			isa = XCConfigurationList;
			buildConfigurations = (
				2334F4D721AC25F100D456F3 /* Debug */,
				2334F4D821AC25F100D456F3 /* Release */,
			);
			defaultConfigurationIsVisible = 0;
			defaultConfigurationName = Release;
		};
/* End XCConfigurationList section */
	};
	rootObject = 2334F4BC21AC25ED00D456F3 /* Project object */;
}
